
Microsoft Visual Studio Solution File, Format Version 12.00
# Visual Studio Version 17
VisualStudioVersion = 17.3.32811.315
MinimumVisualStudioVersion = 10.0.40219.1
Project("{9A19103F-16F7-4668-BE54-9A1E7A4F7556}") = "DesafioPOO", "DesafioPOO.csproj", "{D3E210E8-A55D-4BA7-80E8-7BA9964CCDED}"
EndProject
Global
	GlobalSection(SolutionConfigurationPlatforms) = preSolution
		Debug|Any CPU = Debug|Any CPU
		Release|Any CPU = Release|Any CPU
	EndGlobalSection
	GlobalSection(ProjectConfigurationPlatforms) = postSolution
		{D3E210E8-A55D-4BA7-80E8-7BA9964CCDED}.Debug|Any CPU.ActiveCfg = Debug|Any CPU
		{D3E210E8-A55D-4BA7-80E8-7BA9964CCDED}.Debug|Any CPU.Build.0 = Debug|Any CPU
		{D3E210E8-A55D-4BA7-80E8-7BA9964CCDED}.Release|Any CPU.ActiveCfg = Release|Any CPU
		{D3E210E8-A55D-4BA7-80E8-7BA9964CCDED}.Release|Any CPU.Build.0 = Release|Any CPU
	EndGlobalSection
	GlobalSection(SolutionProperties) = preSolution
		HideSolutionNode = FALSE
	EndGlobalSection
	GlobalSection(ExtensibilityGlobals) = postSolution
		SolutionGuid = {7ADA1316-33F8-48DA-B055-4C9F22F0C463}
	EndGlobalSection
EndGlobal
